// !$*UTF8*$!
{
	archiveVersion = 1;
	classes = {
	};
	objectVersion = 50;
	objects = {

/* Begin PBXBuildFile section */
		325D7AF725965E2600CC6B10 /* AppDelegate.m in Sources */ = {isa = PBXBuildFile; fileRef = 325D7AF625965E2600CC6B10 /* AppDelegate.m */; };
		325D7AFA25965E2600CC6B10 /* ViewController.m in Sources */ = {isa = PBXBuildFile; fileRef = 325D7AF925965E2600CC6B10 /* ViewController.m */; };
		325D7AFD25965E2600CC6B10 /* Main.storyboard in Resources */ = {isa = PBXBuildFile; fileRef = 325D7AFB25965E2600CC6B10 /* Main.storyboard */; };
		325D7AFF25965E2800CC6B10 /* Assets.xcassets in Resources */ = {isa = PBXBuildFile; fileRef = 325D7AFE25965E2800CC6B10 /* Assets.xcassets */; };
		325D7B0225965E2800CC6B10 /* LaunchScreen.storyboard in Resources */ = {isa = PBXBuildFile; fileRef = 325D7B0025965E2800CC6B10 /* LaunchScreen.storyboard */; };
		325D7B0525965E2800CC6B10 /* main.m in Sources */ = {isa = PBXBuildFile; fileRef = 325D7B0425965E2800CC6B10 /* main.m */; };
		325D7B0D25965E6600CC6B10 /* KBSlider.m in Sources */ = {isa = PBXBuildFile; fileRef = 325D7B0C25965E6600CC6B10 /* KBSlider.m */; };
		329F8D142786B57B007923A9 /* KBSliderImages.m in Sources */ = {isa = PBXBuildFile; fileRef = 329F8D132786B57B007923A9 /* KBSliderImages.m */; };
/* End PBXBuildFile section */

/* Begin PBXFileReference section */
		325D7AF225965E2600CC6B10 /* KBSlider.app */ = {isa = PBXFileReference; explicitFileType = wrapper.application; includeInIndex = 0; path = KBSlider.app; sourceTree = BUILT_PRODUCTS_DIR; };
		325D7AF525965E2600CC6B10 /* AppDelegate.h */ = {isa = PBXFileReference; lastKnownFileType = sourcecode.c.h; path = AppDelegate.h; sourceTree = "<group>"; };
		325D7AF625965E2600CC6B10 /* AppDelegate.m */ = {isa = PBXFileReference; lastKnownFileType = sourcecode.c.objc; path = AppDelegate.m; sourceTree = "<group>"; };
		325D7AF825965E2600CC6B10 /* ViewController.h */ = {isa = PBXFileReference; lastKnownFileType = sourcecode.c.h; path = ViewController.h; sourceTree = "<group>"; };
		325D7AF925965E2600CC6B10 /* ViewController.m */ = {isa = PBXFileReference; lastKnownFileType = sourcecode.c.objc; path = ViewController.m; sourceTree = "<group>"; };
		325D7AFC25965E2600CC6B10 /* Base */ = {isa = PBXFileReference; lastKnownFileType = file.storyboard; name = Base; path = Base.lproj/Main.storyboard; sourceTree = "<group>"; };
		325D7AFE25965E2800CC6B10 /* Assets.xcassets */ = {isa = PBXFileReference; lastKnownFileType = folder.assetcatalog; path = Assets.xcassets; sourceTree = "<group>"; };
		325D7B0125965E2800CC6B10 /* Base */ = {isa = PBXFileReference; lastKnownFileType = file.storyboard; name = Base; path = Base.lproj/LaunchScreen.storyboard; sourceTree = "<group>"; };
		325D7B0325965E2800CC6B10 /* Info.plist */ = {isa = PBXFileReference; lastKnownFileType = text.plist.xml; path = Info.plist; sourceTree = "<group>"; };
		325D7B0425965E2800CC6B10 /* main.m */ = {isa = PBXFileReference; lastKnownFileType = sourcecode.c.objc; path = main.m; sourceTree = "<group>"; };
		325D7B0B25965E6600CC6B10 /* KBSlider.h */ = {isa = PBXFileReference; lastKnownFileType = sourcecode.c.h; path = KBSlider.h; sourceTree = "<group>"; };
		325D7B0C25965E6600CC6B10 /* KBSlider.m */ = {isa = PBXFileReference; lastKnownFileType = sourcecode.c.objc; path = KBSlider.m; sourceTree = "<group>"; };
		329F8D0D2786B2F1007923A9 /* backward.h */ = {isa = PBXFileReference; fileEncoding = 4; lastKnownFileType = sourcecode.c.h; path = backward.h; sourceTree = "<group>"; };
		329F8D0E2786B2F1007923A9 /* goforward.h */ = {isa = PBXFileReference; fileEncoding = 4; lastKnownFileType = sourcecode.c.h; path = goforward.h; sourceTree = "<group>"; };
		329F8D0F2786B2F1007923A9 /* gobackward.h */ = {isa = PBXFileReference; fileEncoding = 4; lastKnownFileType = sourcecode.c.h; path = gobackward.h; sourceTree = "<group>"; };
		329F8D102786B2F1007923A9 /* KBSliderImages.h */ = {isa = PBXFileReference; fileEncoding = 4; lastKnownFileType = sourcecode.c.h; path = KBSliderImages.h; sourceTree = "<group>"; };
		329F8D112786B2F1007923A9 /* forward.h */ = {isa = PBXFileReference; fileEncoding = 4; lastKnownFileType = sourcecode.c.h; path = forward.h; sourceTree = "<group>"; };
		329F8D132786B57B007923A9 /* KBSliderImages.m */ = {isa = PBXFileReference; fileEncoding = 4; lastKnownFileType = sourcecode.c.objc; path = KBSliderImages.m; sourceTree = "<group>"; };
/* End PBXFileReference section */

/* Begin PBXFrameworksBuildPhase section */
		325D7AEF25965E2600CC6B10 /* Frameworks */ = {
			isa = PBXFrameworksBuildPhase;
			buildActionMask = 2147483647;
			files = (
			);
			runOnlyForDeploymentPostprocessing = 0;
		};
/* End PBXFrameworksBuildPhase section */

/* Begin PBXGroup section */
		325D7AE925965E2600CC6B10 = {
			isa = PBXGroup;
			children = (
				325D7AF425965E2600CC6B10 /* KBSlider */,
				325D7AF325965E2600CC6B10 /* Products */,
			);
			sourceTree = "<group>";
		};
		325D7AF325965E2600CC6B10 /* Products */ = {
			isa = PBXGroup;
			children = (
				325D7AF225965E2600CC6B10 /* KBSlider.app */,
			);
			name = Products;
			sourceTree = "<group>";
		};
		325D7AF425965E2600CC6B10 /* KBSlider */ = {
			isa = PBXGroup;
			children = (
				32C5850925BF89A00021C9FC /* Slider */,
				325D7AF525965E2600CC6B10 /* AppDelegate.h */,
				325D7AF625965E2600CC6B10 /* AppDelegate.m */,
				325D7AF825965E2600CC6B10 /* ViewController.h */,
				325D7AF925965E2600CC6B10 /* ViewController.m */,
				325D7AFB25965E2600CC6B10 /* Main.storyboard */,
				325D7AFE25965E2800CC6B10 /* Assets.xcassets */,
				325D7B0025965E2800CC6B10 /* LaunchScreen.storyboard */,
				325D7B0325965E2800CC6B10 /* Info.plist */,
				325D7B0425965E2800CC6B10 /* main.m */,
			);
			path = KBSlider;
			sourceTree = "<group>";
		};
		329F8D0C2786B2F1007923A9 /* Images */ = {
			isa = PBXGroup;
			children = (
				329F8D0D2786B2F1007923A9 /* backward.h */,
				329F8D0E2786B2F1007923A9 /* goforward.h */,
				329F8D0F2786B2F1007923A9 /* gobackward.h */,
				329F8D112786B2F1007923A9 /* forward.h */,
				329F8D102786B2F1007923A9 /* KBSliderImages.h */,
				329F8D132786B57B007923A9 /* KBSliderImages.m */,
			);
			path = Images;
			sourceTree = "<group>";
		};
		32C5850925BF89A00021C9FC /* Slider */ = {
			isa = PBXGroup;
			children = (
				329F8D0C2786B2F1007923A9 /* Images */,
				325D7B0B25965E6600CC6B10 /* KBSlider.h */,
				325D7B0C25965E6600CC6B10 /* KBSlider.m */,
			);
			path = Slider;
			sourceTree = "<group>";
		};
/* End PBXGroup section */

/* Begin PBXNativeTarget section */
		325D7AF125965E2600CC6B10 /* KBSlider */ = {
			isa = PBXNativeTarget;
			buildConfigurationList = 325D7B0825965E2800CC6B10 /* Build configuration list for PBXNativeTarget "KBSlider" */;
			buildPhases = (
				325D7AEE25965E2600CC6B10 /* Sources */,
				325D7AEF25965E2600CC6B10 /* Frameworks */,
				325D7AF025965E2600CC6B10 /* Resources */,
			);
			buildRules = (
			);
			dependencies = (
			);
			name = KBSlider;
			productName = KBSlider;
			productReference = 325D7AF225965E2600CC6B10 /* KBSlider.app */;
			productType = "com.apple.product-type.application";
		};
/* End PBXNativeTarget section */

/* Begin PBXProject section */
		325D7AEA25965E2600CC6B10 /* Project object */ = {
			isa = PBXProject;
			attributes = {
				LastUpgradeCheck = 1170;
				ORGANIZATIONNAME = nito;
				TargetAttributes = {
					325D7AF125965E2600CC6B10 = {
						CreatedOnToolsVersion = 11.7;
					};
				};
			};
			buildConfigurationList = 325D7AED25965E2600CC6B10 /* Build configuration list for PBXProject "KBSlider" */;
			compatibilityVersion = "Xcode 9.3";
			developmentRegion = en;
			hasScannedForEncodings = 0;
			knownRegions = (
				en,
				Base,
			);
			mainGroup = 325D7AE925965E2600CC6B10;
			productRefGroup = 325D7AF325965E2600CC6B10 /* Products */;
			projectDirPath = "";
			projectRoot = "";
			targets = (
				325D7AF125965E2600CC6B10 /* KBSlider */,
			);
		};
/* End PBXProject section */

/* Begin PBXResourcesBuildPhase section */
		325D7AF025965E2600CC6B10 /* Resources */ = {
			isa = PBXResourcesBuildPhase;
			buildActionMask = 2147483647;
			files = (
				325D7B0225965E2800CC6B10 /* LaunchScreen.storyboard in Resources */,
				325D7AFF25965E2800CC6B10 /* Assets.xcassets in Resources */,
				325D7AFD25965E2600CC6B10 /* Main.storyboard in Resources */,
			);
			runOnlyForDeploymentPostprocessing = 0;
		};
/* End PBXResourcesBuildPhase section */

/* Begin PBXSourcesBuildPhase section */
		325D7AEE25965E2600CC6B10 /* Sources */ = {
			isa = PBXSourcesBuildPhase;
			buildActionMask = 2147483647;
			files = (
				325D7AFA25965E2600CC6B10 /* ViewController.m in Sources */,
				325D7B0D25965E6600CC6B10 /* KBSlider.m in Sources */,
				329F8D142786B57B007923A9 /* KBSliderImages.m in Sources */,
				325D7B0525965E2800CC6B10 /* main.m in Sources */,
				325D7AF725965E2600CC6B10 /* AppDelegate.m in Sources */,
			);
			runOnlyForDeploymentPostprocessing = 0;
		};
/* End PBXSourcesBuildPhase section */

/* Begin PBXVariantGroup section */
		325D7AFB25965E2600CC6B10 /* Main.storyboard */ = {
			isa = PBXVariantGroup;
			children = (
				325D7AFC25965E2600CC6B10 /* Base */,
			);
			name = Main.storyboard;
			sourceTree = "<group>";
		};
		325D7B0025965E2800CC6B10 /* LaunchScreen.storyboard */ = {
			isa = PBXVariantGroup;
			children = (
				325D7B0125965E2800CC6B10 /* Base */,
			);
			name = LaunchScreen.storyboard;
			sourceTree = "<group>";
		};
/* End PBXVariantGroup section */

/* Begin XCBuildConfiguration section */
		325D7B0625965E2800CC6B10 /* Debug */ = {
			isa = XCBuildConfiguration;
			buildSettings = {
				ALWAYS_SEARCH_USER_PATHS = NO;
				CLANG_ANALYZER_NONNULL = YES;
				CLANG_ANALYZER_NUMBER_OBJECT_CONVERSION = YES_AGGRESSIVE;
				CLANG_CXX_LANGUAGE_STANDARD = "gnu++14";
				CLANG_CXX_LIBRARY = "libc++";
				CLANG_ENABLE_MODULES = YES;
				CLANG_ENABLE_OBJC_ARC = YES;
				CLANG_ENABLE_OBJC_WEAK = YES;
				CLANG_WARN_BLOCK_CAPTURE_AUTORELEASING = YES;
				CLANG_WARN_BOOL_CONVERSION = YES;
				CLANG_WARN_COMMA = YES;
				CLANG_WARN_CONSTANT_CONVERSION = YES;
				CLANG_WARN_DEPRECATED_OBJC_IMPLEMENTATIONS = YES;
				CLANG_WARN_DIRECT_OBJC_ISA_USAGE = YES_ERROR;
				CLANG_WARN_DOCUMENTATION_COMMENTS = YES;
				CLANG_WARN_EMPTY_BODY = YES;
				CLANG_WARN_ENUM_CONVERSION = YES;
				CLANG_WARN_INFINITE_RECURSION = YES;
				CLANG_WARN_INT_CONVERSION = YES;
				CLANG_WARN_NON_LITERAL_NULL_CONVERSION = YES;
				CLANG_WARN_OBJC_IMPLICIT_RETAIN_SELF = YES;
				CLANG_WARN_OBJC_LITERAL_CONVERSION = YES;
				CLANG_WARN_OBJC_ROOT_CLASS = YES_ERROR;
				CLANG_WARN_RANGE_LOOP_ANALYSIS = YES;
				CLANG_WARN_STRICT_PROTOTYPES = YES;
				CLANG_WARN_SUSPICIOUS_MOVE = YES;
				CLANG_WARN_UNGUARDED_AVAILABILITY = YES_AGGRESSIVE;
				CLANG_WARN_UNREACHABLE_CODE = YES;
				CLANG_WARN__DUPLICATE_METHOD_MATCH = YES;
				COPY_PHASE_STRIP = NO;
				DEBUG_INFORMATION_FORMAT = dwarf;
				ENABLE_STRICT_OBJC_MSGSEND = YES;
				ENABLE_TESTABILITY = YES;
				GCC_C_LANGUAGE_STANDARD = gnu11;
				GCC_DYNAMIC_NO_PIC = NO;
				GCC_NO_COMMON_BLOCKS = YES;
				GCC_OPTIMIZATION_LEVEL = 0;
				GCC_PREPROCESSOR_DEFINITIONS = (
					"DEBUG=1",
					"$(inherited)",
				);
				GCC_WARN_64_TO_32_BIT_CONVERSION = YES;
				GCC_WARN_ABOUT_RETURN_TYPE = YES_ERROR;
				GCC_WARN_UNDECLARED_SELECTOR = YES;
				GCC_WARN_UNINITIALIZED_AUTOS = YES_AGGRESSIVE;
				GCC_WARN_UNUSED_FUNCTION = YES;
				GCC_WARN_UNUSED_VARIABLE = YES;
				MTL_ENABLE_DEBUG_INFO = INCLUDE_SOURCE;
				MTL_FAST_MATH = YES;
				ONLY_ACTIVE_ARCH = YES;
				SDKROOT = appletvos;
				TVOS_DEPLOYMENT_TARGET = 13.4;
			};
			name = Debug;
		};
		325D7B0725965E2800CC6B10 /* Release */ = {
			isa = XCBuildConfiguration;
			buildSettings = {
				ALWAYS_SEARCH_USER_PATHS = NO;
				CLANG_ANALYZER_NONNULL = YES;
				CLANG_ANALYZER_NUMBER_OBJECT_CONVERSION = YES_AGGRESSIVE;
				CLANG_CXX_LANGUAGE_STANDARD = "gnu++14";
				CLANG_CXX_LIBRARY = "libc++";
				CLANG_ENABLE_MODULES = YES;
				CLANG_ENABLE_OBJC_ARC = YES;
				CLANG_ENABLE_OBJC_WEAK = YES;
				CLANG_WARN_BLOCK_CAPTURE_AUTORELEASING = YES;
				CLANG_WARN_BOOL_CONVERSION = YES;
				CLANG_WARN_COMMA = YES;
				CLANG_WARN_CONSTANT_CONVERSION = YES;
				CLANG_WARN_DEPRECATED_OBJC_IMPLEMENTATIONS = YES;
				CLANG_WARN_DIRECT_OBJC_ISA_USAGE = YES_ERROR;
				CLANG_WARN_DOCUMENTATION_COMMENTS = YES;
				CLANG_WARN_EMPTY_BODY = YES;
				CLANG_WARN_ENUM_CONVERSION = YES;
				CLANG_WARN_INFINITE_RECURSION = YES;
				CLANG_WARN_INT_CONVERSION = YES;
				CLANG_WARN_NON_LITERAL_NULL_CONVERSION = YES;
				CLANG_WARN_OBJC_IMPLICIT_RETAIN_SELF = YES;
				CLANG_WARN_OBJC_LITERAL_CONVERSION = YES;
				CLANG_WARN_OBJC_ROOT_CLASS = YES_ERROR;
				CLANG_WARN_RANGE_LOOP_ANALYSIS = YES;
				CLANG_WARN_STRICT_PROTOTYPES = YES;
				CLANG_WARN_SUSPICIOUS_MOVE = YES;
				CLANG_WARN_UNGUARDED_AVAILABILITY = YES_AGGRESSIVE;
				CLANG_WARN_UNREACHABLE_CODE = YES;
				CLANG_WARN__DUPLICATE_METHOD_MATCH = YES;
				COPY_PHASE_STRIP = NO;
				DEBUG_INFORMATION_FORMAT = "dwarf-with-dsym";
				ENABLE_NS_ASSERTIONS = NO;
				ENABLE_STRICT_OBJC_MSGSEND = YES;
				GCC_C_LANGUAGE_STANDARD = gnu11;
				GCC_NO_COMMON_BLOCKS = YES;
				GCC_WARN_64_TO_32_BIT_CONVERSION = YES;
				GCC_WARN_ABOUT_RETURN_TYPE = YES_ERROR;
				GCC_WARN_UNDECLARED_SELECTOR = YES;
				GCC_WARN_UNINITIALIZED_AUTOS = YES_AGGRESSIVE;
				GCC_WARN_UNUSED_FUNCTION = YES;
				GCC_WARN_UNUSED_VARIABLE = YES;
				MTL_ENABLE_DEBUG_INFO = NO;
				MTL_FAST_MATH = YES;
				SDKROOT = appletvos;
				TVOS_DEPLOYMENT_TARGET = 13.4;
				VALIDATE_PRODUCT = YES;
			};
			name = Release;
		};
		325D7B0925965E2800CC6B10 /* Debug */ = {
			isa = XCBuildConfiguration;
			buildSettings = {
				ASSETCATALOG_COMPILER_APPICON_NAME = "App Icon & Top Shelf Image";
				CODE_SIGN_STYLE = Automatic;
				DEVELOPMENT_TEAM = 9EUFEA5U7G;
				INFOPLIST_FILE = KBSlider/Info.plist;
				LD_RUNPATH_SEARCH_PATHS = (
					"$(inherited)",
					"@executable_path/Frameworks",
				);
				PRODUCT_BUNDLE_IDENTIFIER = com.nito.KBSlider;
				PRODUCT_NAME = "$(TARGET_NAME)";
				TARGETED_DEVICE_FAMILY = 3;
			};
			name = Debug;
		};
		325D7B0A25965E2800CC6B10 /* Release */ = {
			isa = XCBuildConfiguration;
			buildSettings = {
				ASSETCATALOG_COMPILER_APPICON_NAME = "App Icon & Top Shelf Image";
				CODE_SIGN_STYLE = Automatic;
				DEVELOPMENT_TEAM = 9EUFEA5U7G;
				INFOPLIST_FILE = KBSlider/Info.plist;
				LD_RUNPATH_SEARCH_PATHS = (
					"$(inherited)",
					"@executable_path/Frameworks",
				);
				PRODUCT_BUNDLE_IDENTIFIER = com.nito.KBSlider;
				PRODUCT_NAME = "$(TARGET_NAME)";
				TARGETED_DEVICE_FAMILY = 3;
			};
			name = Release;
		};
/* End XCBuildConfiguration section */

/* Begin XCConfigurationList section */
		325D7AED25965E2600CC6B10 /* Build configuration list for PBXProject "KBSlider" */ = {
			isa = XCConfigurationList;
			buildConfigurations = (
				325D7B0625965E2800CC6B10 /* Debug */,
				325D7B0725965E2800CC6B10 /* Release */,
			);
			defaultConfigurationIsVisible = 0;
			defaultConfigurationName = Release;
		};
		325D7B0825965E2800CC6B10 /* Build configuration list for PBXNativeTarget "KBSlider" */ = {
			isa = XCConfigurationList;
			buildConfigurations = (
				325D7B0925965E2800CC6B10 /* Debug */,
				325D7B0A25965E2800CC6B10 /* Release */,
			);
			defaultConfigurationIsVisible = 0;
			defaultConfigurationName = Release;
		};
/* End XCConfigurationList section */
	};
	rootObject = 325D7AEA25965E2600CC6B10 /* Project object */;
}
